{
  "version": 4,
  "terraform_version": "1.14.9",
  "serial": 15,
  "lineage": "c2277cd0-de56-6f92-fe60-7ecd878cf9f0",
  "outputs": {
    "api_endpoint": {
      "value": "http://34.129.108.113:30503",
      "type": "string"
    },
    "master_external_ip": {
      "value": "34.129.108.113",
      "type": "string"
    },
    "next_steps": {
      "value": "--- NEXT STEPS ---\n1. Verify cluster is healthy:\n   ssh -i ~/.ssh/fit5225_oci ubuntu@34.129.108.113\n   kubectl get nodes\n\n2. Deploy the application:\n   kubectl apply -f deployment.yaml\n   kubectl apply -f service.yaml\n\n3. Scale replicas (e.g. 4 pods):\n   kubectl scale deployment wildlife-detector --replicas=4\n\n4. Access the API:\n   http://34.129.108.113:30503/docs\n",
      "type": "string"
    },
    "ssh_master": {
      "value": "ssh -i ~/.ssh/fit5225_oci ubuntu@34.129.108.113",
      "type": "string"
    },
    "ssh_worker1": {
      "value": "ssh -i ~/.ssh/fit5225_oci ubuntu@34.129.183.218",
      "type": "string"
    },
    "ssh_worker2": {
      "value": "ssh -i ~/.ssh/fit5225_oci ubuntu@34.129.166.57",
      "type": "string"
    },
    "worker1_external_ip": {
      "value": "34.129.183.218",
      "type": "string"
    },
    "worker2_external_ip": {
      "value": "34.129.166.57",
      "type": "string"
    }
  },
  "resources": [
    {
      "mode": "data",
      "type": "google_compute_image",
      "name": "ubuntu_2204",
      "provider": "provider[\"registry.terraform.io/hashicorp/google\"]",
      "instances": [
        {
          "schema_version": 0,
          "attributes": {
            "archive_size_bytes": 3956846208,
            "creation_timestamp": "2026-04-27T08:23:23.565-07:00",
            "description": "Canonical, Ubuntu, 22.04 LTS, amd64 jammy image built on 2026-04-27",
            "disk_size_gb": 10,
            "family": "ubuntu-2204-lts",
            "filter": null,
            "id": "projects/ubuntu-os-cloud/global/images/ubuntu-2204-jammy-v20260427",
            "image_encryption_key_sha256": "",
            "image_id": "197746748423324036",
            "label_fingerprint": "iNBmVNCFF9w=",
            "labels": {
              "public-image": "true"
            },
            "licenses": [
              "https://www.googleapis.com/compute/v1/projects/ubuntu-os-cloud/global/licenses/ubuntu-2204-lts"
            ],
            "most_recent": false,
            "name": "ubuntu-2204-jammy-v20260427",
            "project": "ubuntu-os-cloud",
            "self_link": "https://www.googleapis.com/compute/v1/projects/ubuntu-os-cloud/global/images/ubuntu-2204-jammy-v20260427",
            "source_disk": "",
            "source_disk_encryption_key_sha256": "",
            "source_disk_id": "",
            "source_image_id": "",
            "status": "READY"
          },
          "sensitive_attributes": [],
          "identity_schema_version": 0
        }
      ]
    },
    {
      "mode": "data",
      "type": "google_compute_network",
      "name": "default",
      "provider": "provider[\"registry.terraform.io/hashicorp/google\"]",
      "instances": [
        {
          "schema_version": 0,
          "attributes": {
            "description": "Default network for the project",
            "gateway_ipv4": "",
            "id": "projects/fit5225-cloudeco/global/networks/default",
            "internal_ipv6_range": "",
            "name": "default",
            "project": "fit5225-cloudeco",
            "self_link": "https://www.googleapis.com/compute/v1/projects/fit5225-cloudeco/global/networks/default",
            "subnetworks_self_links": [
              "https://www.googleapis.com/compute/v1/projects/fit5225-cloudeco/regions/asia-northeast3/subnetworks/default",
              "https://www.googleapis.com/compute/v1/projects/fit5225-cloudeco/regions/us-east5/subnetworks/default",
              "https://www.googleapis.com/compute/v1/projects/fit5225-cloudeco/regions/europe-west4/subnetworks/default",
              "https://www.googleapis.com/compute/v1/projects/fit5225-cloudeco/regions/northamerica-south1/subnetworks/default",
              "https://www.googleapis.com/compute/v1/projects/fit5225-cloudeco/regions/me-west1/subnetworks/default",
              "https://www.googleapis.com/compute/v1/projects/fit5225-cloudeco/regions/europe-west2/subnetworks/default",
              "https://www.googleapis.com/compute/v1/projects/fit5225-cloudeco/regions/asia-southeast3/subnetworks/default",
              "https://www.googleapis.com/compute/v1/projects/fit5225-cloudeco/regions/europe-west9/subnetworks/default",
              "https://www.googleapis.com/compute/v1/projects/fit5225-cloudeco/regions/asia-south2/subnetworks/default",
              "https://www.googleapis.com/compute/v1/projects/fit5225-cloudeco/regions/us-west1/subnetworks/default",
              "https://www.googleapis.com/compute/v1/projects/fit5225-cloudeco/regions/africa-south1/subnetworks/default",
              "https://www.googleapis.com/compute/v1/projects/fit5225-cloudeco/regions/europe-southwest1/subnetworks/default",
              "https://www.googleapis.com/compute/v1/projects/fit5225-cloudeco/regions/australia-southeast2/subnetworks/default",
              "https://www.googleapis.com/compute/v1/projects/fit5225-cloudeco/regions/asia-northeast1/subnetworks/default",
              "https://www.googleapis.com/compute/v1/projects/fit5225-cloudeco/regions/europe-west8/subnetworks/default",
              "https://www.googleapis.com/compute/v1/projects/fit5225-cloudeco/regions/europe-north2/subnetworks/default",
              "https://www.googleapis.com/compute/v1/projects/fit5225-cloudeco/regions/us-east4/subnetworks/default",
              "https://www.googleapis.com/compute/v1/projects/fit5225-cloudeco/regions/us-west2/subnetworks/default",
              "https://www.googleapis.com/compute/v1/projects/fit5225-cloudeco/regions/southamerica-east1/subnetworks/default",
              "https://www.googleapis.com/compute/v1/projects/fit5225-cloudeco/regions/europe-west12/subnetworks/default",
              "https://www.googleapis.com/compute/v1/projects/fit5225-cloudeco/regions/us-south1/subnetworks/default",
              "https://www.googleapis.com/compute/v1/projects/fit5225-cloudeco/regions/australia-southeast1/subnetworks/default",
              "https://www.googleapis.com/compute/v1/projects/fit5225-cloudeco/regions/us-east1/subnetworks/default",
              "https://www.googleapis.com/compute/v1/projects/fit5225-cloudeco/regions/asia-east2/subnetworks/default",
              "https://www.googleapis.com/compute/v1/projects/fit5225-cloudeco/regions/northamerica-northeast2/subnetworks/default",
              "https://www.googleapis.com/compute/v1/projects/fit5225-cloudeco/regions/europe-central2/subnetworks/default",
              "https://www.googleapis.com/compute/v1/projects/fit5225-cloudeco/regions/us-west4/subnetworks/default",
              "https://www.googleapis.com/compute/v1/projects/fit5225-cloudeco/regions/europe-west3/subnetworks/default",
              "https://www.googleapis.com/compute/v1/projects/fit5225-cloudeco/regions/asia-south1/subnetworks/default",
              "https://www.googleapis.com/compute/v1/projects/fit5225-cloudeco/regions/southamerica-west1/subnetworks/default",
              "https://www.googleapis.com/compute/v1/projects/fit5225-cloudeco/regions/europe-west10/subnetworks/default",
              "https://www.googleapis.com/compute/v1/projects/fit5225-cloudeco/regions/europe-west1/subnetworks/default",
              "https://www.googleapis.com/compute/v1/projects/fit5225-cloudeco/regions/us-west3/subnetworks/default",
              "https://www.googleapis.com/compute/v1/projects/fit5225-cloudeco/regions/northamerica-northeast1/subnetworks/default",
              "https://www.googleapis.com/compute/v1/projects/fit5225-cloudeco/regions/asia-southeast2/subnetworks/default",
              "https://www.googleapis.com/compute/v1/projects/fit5225-cloudeco/regions/asia-east1/subnetworks/default",
              "https://www.googleapis.com/compute/v1/projects/fit5225-cloudeco/regions/me-central1/subnetworks/default",
              "https://www.googleapis.com/compute/v1/projects/fit5225-cloudeco/regions/europe-north1/subnetworks/default",
              "https://www.googleapis.com/compute/v1/projects/fit5225-cloudeco/regions/europe-west6/subnetworks/default",
              "https://www.googleapis.com/compute/v1/projects/fit5225-cloudeco/regions/us-central1/subnetworks/default",
              "https://www.googleapis.com/compute/v1/projects/fit5225-cloudeco/regions/asia-southeast1/subnetworks/default",
              "https://www.googleapis.com/compute/v1/projects/fit5225-cloudeco/regions/asia-northeast2/subnetworks/default"
            ]
          },
          "sensitive_attributes": [],
          "identity_schema_version": 0
        }
      ]
    },
    {
      "mode": "data",
      "type": "google_project",
      "name": "current",
      "provider": "provider[\"registry.terraform.io/hashicorp/google\"]",
      "instances": [
        {
          "schema_version": 0,
          "attributes": {
            "auto_create_network": null,
            "billing_account": "01FD4A-D6BBA4-8863F3",
            "deletion_policy": "DELETE",
            "effective_labels": {},
            "folder_id": null,
            "id": "projects/fit5225-cloudeco",
            "labels": {},
            "name": "FIT5225-cloudeco",
            "number": "458576585471",
            "org_id": null,
            "project_id": "fit5225-cloudeco",
            "skip_delete": null,
            "terraform_labels": {}
          },
          "sensitive_attributes": [],
          "identity_schema_version": 0
        }
      ]
    },
    {
      "mode": "managed",
      "type": "google_compute_address",
      "name": "master_ip",
      "provider": "provider[\"registry.terraform.io/hashicorp/google\"]",
      "instances": [
        {
          "schema_version": 0,
          "attributes": {
            "address": "34.129.108.113",
            "address_type": "EXTERNAL",
            "creation_timestamp": "2026-04-30T01:11:24.686-07:00",
            "description": "",
            "effective_labels": {},
            "id": "projects/fit5225-cloudeco/regions/australia-southeast2/addresses/cloudeco-master-ip",
            "ip_version": "",
            "ipv6_endpoint_type": "",
            "label_fingerprint": "42WmSpB8rSM=",
            "labels": {},
            "name": "cloudeco-master-ip",
            "network": "",
            "network_tier": "PREMIUM",
            "prefix_length": 0,
            "project": "fit5225-cloudeco",
            "purpose": "",
            "region": "australia-southeast2",
            "self_link": "https://www.googleapis.com/compute/v1/projects/fit5225-cloudeco/regions/australia-southeast2/addresses/cloudeco-master-ip",
            "subnetwork": "",
            "terraform_labels": {},
            "timeouts": null,
            "users": [
              "https://www.googleapis.com/compute/v1/projects/fit5225-cloudeco/zones/australia-southeast2-a/instances/k8s-master"
            ]
          },
          "sensitive_attributes": [],
          "identity_schema_version": 0,
          "private": "eyJlMmJmYjczMC1lY2FhLTExZTYtOGY4OC0zNDM2M2JjN2M0YzAiOnsiY3JlYXRlIjoxMjAwMDAwMDAwMDAwLCJkZWxldGUiOjEyMDAwMDAwMDAwMDAsInVwZGF0ZSI6MTIwMDAwMDAwMDAwMH19"
        }
      ]
    },
    {
      "mode": "managed",
      "type": "google_compute_address",
      "name": "worker1_ip",
      "provider": "provider[\"registry.terraform.io/hashicorp/google\"]",
      "instances": [
        {
          "schema_version": 0,
          "attributes": {
            "address": "34.129.183.218",
            "address_type": "EXTERNAL",
            "creation_timestamp": "2026-04-30T01:11:18.183-07:00",
            "description": "",
            "effective_labels": {},
            "id": "projects/fit5225-cloudeco/regions/australia-southeast2/addresses/cloudeco-worker1-ip",
            "ip_version": "",
            "ipv6_endpoint_type": "",
            "label_fingerprint": "42WmSpB8rSM=",
            "labels": {},
            "name": "cloudeco-worker1-ip",
            "network": "",
            "network_tier": "PREMIUM",
            "prefix_length": 0,
            "project": "fit5225-cloudeco",
            "purpose": "",
            "region": "australia-southeast2",
            "self_link": "https://www.googleapis.com/compute/v1/projects/fit5225-cloudeco/regions/australia-southeast2/addresses/cloudeco-worker1-ip",
            "subnetwork": "",
            "terraform_labels": {},
            "timeouts": null,
            "users": [
              "https://www.googleapis.com/compute/v1/projects/fit5225-cloudeco/zones/australia-southeast2-a/instances/k8s-worker1"
            ]
          },
          "sensitive_attributes": [],
          "identity_schema_version": 0,
          "private": "eyJlMmJmYjczMC1lY2FhLTExZTYtOGY4OC0zNDM2M2JjN2M0YzAiOnsiY3JlYXRlIjoxMjAwMDAwMDAwMDAwLCJkZWxldGUiOjEyMDAwMDAwMDAwMDAsInVwZGF0ZSI6MTIwMDAwMDAwMDAwMH19"
        }
      ]
    },
    {
      "mode": "managed",
      "type": "google_compute_address",
      "name": "worker2_ip",
      "provider": "provider[\"registry.terraform.io/hashicorp/google\"]",
      "instances": [
        {
          "schema_version": 0,
          "attributes": {
            "address": "34.129.166.57",
            "address_type": "EXTERNAL",
            "creation_timestamp": "2026-04-30T01:11:21.941-07:00",
            "description": "",
            "effective_labels": {},
            "id": "projects/fit5225-cloudeco/regions/australia-southeast2/addresses/cloudeco-worker2-ip",
            "ip_version": "",
            "ipv6_endpoint_type": "",
            "label_fingerprint": "42WmSpB8rSM=",
            "labels": {},
            "name": "cloudeco-worker2-ip",
            "network": "",
            "network_tier": "PREMIUM",
            "prefix_length": 0,
            "project": "fit5225-cloudeco",
            "purpose": "",
            "region": "australia-southeast2",
            "self_link": "https://www.googleapis.com/compute/v1/projects/fit5225-cloudeco/regions/australia-southeast2/addresses/cloudeco-worker2-ip",
            "subnetwork": "",
            "terraform_labels": {},
            "timeouts": null,
            "users": [
              "https://www.googleapis.com/compute/v1/projects/fit5225-cloudeco/zones/australia-southeast2-a/instances/k8s-worker2"
            ]
          },
          "sensitive_attributes": [],
          "identity_schema_version": 0,
          "private": "eyJlMmJmYjczMC1lY2FhLTExZTYtOGY4OC0zNDM2M2JjN2M0YzAiOnsiY3JlYXRlIjoxMjAwMDAwMDAwMDAwLCJkZWxldGUiOjEyMDAwMDAwMDAwMDAsInVwZGF0ZSI6MTIwMDAwMDAwMDAwMH19"
        }
      ]
    },
    {
      "mode": "managed",
      "type": "google_compute_firewall",
      "name": "cloudeco_mel_allow_app",
      "provider": "provider[\"registry.terraform.io/hashicorp/google\"]",
      "instances": [
        {
          "schema_version": 1,
          "attributes": {
            "allow": [
              {
                "ports": [
                  "80",
                  "8000",
                  "30000-32767"
                ],
                "protocol": "tcp"
              }
            ],
            "creation_timestamp": "2026-04-30T01:11:17.651-07:00",
            "deny": [],
            "description": "",
            "destination_ranges": [],
            "direction": "INGRESS",
            "disabled": false,
            "enable_logging": null,
            "id": "projects/fit5225-cloudeco/global/firewalls/cloudeco-mel-allow-app",
            "log_config": [],
            "name": "cloudeco-mel-allow-app",
            "network": "https://www.googleapis.com/compute/v1/projects/fit5225-cloudeco/global/networks/default",
            "priority": 1000,
            "project": "fit5225-cloudeco",
            "self_link": "https://www.googleapis.com/compute/v1/projects/fit5225-cloudeco/global/firewalls/cloudeco-mel-allow-app",
            "source_ranges": [
              "0.0.0.0/0"
            ],
            "source_service_accounts": [],
            "source_tags": [],
            "target_service_accounts": [],
            "target_tags": [
              "cloudeco-k8s"
            ],
            "timeouts": null
          },
          "sensitive_attributes": [],
          "identity_schema_version": 0,
          "private": "eyJlMmJmYjczMC1lY2FhLTExZTYtOGY4OC0zNDM2M2JjN2M0YzAiOnsiY3JlYXRlIjoxMjAwMDAwMDAwMDAwLCJkZWxldGUiOjEyMDAwMDAwMDAwMDAsInVwZGF0ZSI6MTIwMDAwMDAwMDAwMH0sInNjaGVtYV92ZXJzaW9uIjoiMSJ9",
          "dependencies": [
            "data.google_compute_network.default",
            "data.google_project.current"
          ]
        }
      ]
    },
    {
      "mode": "managed",
      "type": "google_compute_firewall",
      "name": "cloudeco_mel_allow_internal",
      "provider": "provider[\"registry.terraform.io/hashicorp/google\"]",
      "instances": [
        {
          "schema_version": 1,
          "attributes": {
            "allow": [
              {
                "ports": [],
                "protocol": "all"
              }
            ],
            "creation_timestamp": "2026-04-30T01:11:17.894-07:00",
            "deny": [],
            "description": "",
            "destination_ranges": [],
            "direction": "INGRESS",
            "disabled": false,
            "enable_logging": null,
            "id": "projects/fit5225-cloudeco/global/firewalls/cloudeco-mel-allow-internal",
            "log_config": [],
            "name": "cloudeco-mel-allow-internal",
            "network": "https://www.googleapis.com/compute/v1/projects/fit5225-cloudeco/global/networks/default",
            "priority": 1000,
            "project": "fit5225-cloudeco",
            "self_link": "https://www.googleapis.com/compute/v1/projects/fit5225-cloudeco/global/firewalls/cloudeco-mel-allow-internal",
            "source_ranges": [
              "10.128.0.0/9"
            ],
            "source_service_accounts": [],
            "source_tags": [],
            "target_service_accounts": [],
            "target_tags": [
              "cloudeco-k8s"
            ],
            "timeouts": null
          },
          "sensitive_attributes": [],
          "identity_schema_version": 0,
          "private": "eyJlMmJmYjczMC1lY2FhLTExZTYtOGY4OC0zNDM2M2JjN2M0YzAiOnsiY3JlYXRlIjoxMjAwMDAwMDAwMDAwLCJkZWxldGUiOjEyMDAwMDAwMDAwMDAsInVwZGF0ZSI6MTIwMDAwMDAwMDAwMH0sInNjaGVtYV92ZXJzaW9uIjoiMSJ9",
          "dependencies": [
            "data.google_compute_network.default",
            "data.google_project.current"
          ]
        }
      ]
    },
    {
      "mode": "managed",
      "type": "google_compute_firewall",
      "name": "cloudeco_mel_allow_k8s_api",
      "provider": "provider[\"registry.terraform.io/hashicorp/google\"]",
      "instances": [
        {
          "schema_version": 1,
          "attributes": {
            "allow": [
              {
                "ports": [
                  "6443"
                ],
                "protocol": "tcp"
              }
            ],
            "creation_timestamp": "2026-04-30T01:11:17.679-07:00",
            "deny": [],
            "description": "",
            "destination_ranges": [],
            "direction": "INGRESS",
            "disabled": false,
            "enable_logging": null,
            "id": "projects/fit5225-cloudeco/global/firewalls/cloudeco-mel-allow-k8s-api",
            "log_config": [],
            "name": "cloudeco-mel-allow-k8s-api",
            "network": "https://www.googleapis.com/compute/v1/projects/fit5225-cloudeco/global/networks/default",
            "priority": 1000,
            "project": "fit5225-cloudeco",
            "self_link": "https://www.googleapis.com/compute/v1/projects/fit5225-cloudeco/global/firewalls/cloudeco-mel-allow-k8s-api",
            "source_ranges": [
              "0.0.0.0/0"
            ],
            "source_service_accounts": [],
            "source_tags": [],
            "target_service_accounts": [],
            "target_tags": [
              "cloudeco-k8s"
            ],
            "timeouts": null
          },
          "sensitive_attributes": [],
          "identity_schema_version": 0,
          "private": "eyJlMmJmYjczMC1lY2FhLTExZTYtOGY4OC0zNDM2M2JjN2M0YzAiOnsiY3JlYXRlIjoxMjAwMDAwMDAwMDAwLCJkZWxldGUiOjEyMDAwMDAwMDAwMDAsInVwZGF0ZSI6MTIwMDAwMDAwMDAwMH0sInNjaGVtYV92ZXJzaW9uIjoiMSJ9",
          "dependencies": [
            "data.google_compute_network.default",
            "data.google_project.current"
          ]
        }
      ]
    },
    {
      "mode": "managed",
      "type": "google_compute_firewall",
      "name": "cloudeco_mel_allow_ssh",
      "provider": "provider[\"registry.terraform.io/hashicorp/google\"]",
      "instances": [
        {
          "schema_version": 1,
          "attributes": {
            "allow": [
              {
                "ports": [
                  "22"
                ],
                "protocol": "tcp"
              }
            ],
            "creation_timestamp": "2026-04-30T01:11:17.623-07:00",
            "deny": [],
            "description": "",
            "destination_ranges": [],
            "direction": "INGRESS",
            "disabled": false,
            "enable_logging": null,
            "id": "projects/fit5225-cloudeco/global/firewalls/cloudeco-mel-allow-ssh",
            "log_config": [],
            "name": "cloudeco-mel-allow-ssh",
            "network": "https://www.googleapis.com/compute/v1/projects/fit5225-cloudeco/global/networks/default",
            "priority": 1000,
            "project": "fit5225-cloudeco",
            "self_link": "https://www.googleapis.com/compute/v1/projects/fit5225-cloudeco/global/firewalls/cloudeco-mel-allow-ssh",
            "source_ranges": [
              "0.0.0.0/0"
            ],
            "source_service_accounts": [],
            "source_tags": [],
            "target_service_accounts": [],
            "target_tags": [
              "cloudeco-k8s"
            ],
            "timeouts": null
          },
          "sensitive_attributes": [],
          "identity_schema_version": 0,
          "private": "eyJlMmJmYjczMC1lY2FhLTExZTYtOGY4OC0zNDM2M2JjN2M0YzAiOnsiY3JlYXRlIjoxMjAwMDAwMDAwMDAwLCJkZWxldGUiOjEyMDAwMDAwMDAwMDAsInVwZGF0ZSI6MTIwMDAwMDAwMDAwMH0sInNjaGVtYV92ZXJzaW9uIjoiMSJ9",
          "dependencies": [
            "data.google_compute_network.default",
            "data.google_project.current"
          ]
        }
      ]
    },
    {
      "mode": "managed",
      "type": "google_compute_instance",
      "name": "k8s_master",
      "provider": "provider[\"registry.terraform.io/hashicorp/google\"]",
      "instances": [
        {
          "schema_version": 6,
          "attributes": {
            "advanced_machine_features": [],
            "allow_stopping_for_update": null,
            "attached_disk": [],
            "boot_disk": [
              {
                "auto_delete": true,
                "device_name": "persistent-disk-0",
                "disk_encryption_key_raw": "",
                "disk_encryption_key_sha256": "",
                "initialize_params": [
                  {
                    "enable_confidential_compute": false,
                    "image": "https://www.googleapis.com/compute/v1/projects/ubuntu-os-cloud/global/images/ubuntu-2204-jammy-v20260427",
                    "labels": {},
                    "provisioned_iops": 0,
                    "provisioned_throughput": 0,
                    "resource_manager_tags": {},
                    "size": 50,
                    "storage_pool": "",
                    "type": "pd-balanced"
                  }
                ],
                "kms_key_self_link": "",
                "mode": "READ_WRITE",
                "source": "https://www.googleapis.com/compute/v1/projects/fit5225-cloudeco/zones/australia-southeast2-a/disks/k8s-master"
              }
            ],
            "can_ip_forward": false,
            "confidential_instance_config": [],
            "cpu_platform": "AMD Rome",
            "current_status": "RUNNING",
            "deletion_protection": false,
            "description": "",
            "desired_status": null,
            "effective_labels": {},
            "enable_display": false,
            "guest_accelerator": [],
            "hostname": "",
            "id": "projects/fit5225-cloudeco/zones/australia-southeast2-a/instances/k8s-master",
            "instance_id": "1636947537210290260",
            "label_fingerprint": "42WmSpB8rSM=",
            "labels": {},
            "machine_type": "e2-standard-4",
            "metadata": {
              "ssh-keys": "ubuntu:ssh-rsa AAAAB3NzaC1yc2EAAAADAQABAAACAQC7a28/J21T+F6xfmrLtFq4yBLsQ5dKgvPz2aKP4HQ03q6mVL+BIKa0jt+rwZO/ZHYuWKlL4eZNpZl4F4rpfiWiZ/iAIg6RU5Pfa8o9GeIQLypSHO7FqStYjNiW6f/z582ynhanM+YqbzUN+59PPM02wgaAFuxxj84RjwQ+WkOCzP4P+7t94+Nx/F6sMrgByUMvCvBgd8zGloKDpFZtyG6URFfw+CcDGNCkb77RpvDuNzcQAJdez6jKlMhPjJsyLFlbVSlhKSxJ3JS44yG3DsDpf9U53lqRFtsufZiyrwCMByxZqSVSdzoPOGzsHxeeYPj9hPXWyMnf7j1IT4WAo5ibDyH2x5wL6FLPxBwgxJqBnE1rwVCSXpi0DPI7k+GBkNz5TRaYIfOJ7SgnIiVd8UkcjlVjXFNauaaOn2Yea841aOtAdoISgsguFa2aYN0e+1NxSijKPbGk9CP0Z1QrCHC+FfGj4gMz/7Y4m34gsnHkkZJ5CxMPvTlmzVYrmGcc37rDYCbohG5xCvX3l4puPVuRIZJOF9tW8wdoY9jz/vrJTNYbsM6aiiU9IYSPEhhga5QrH0h9F2j/FJ2emz82VVMDl7AmNDsSj8Jmdbn1rYTfJDSsHlO+HNPt1TcVHEQJYTIH2sda+Utsz8Mu0AfvVuGjGAYAX1uB6EfWBnPITDJOaQ== heisenberg@Mac.modem"
            },
            "metadata_fingerprint": "dxTQA6K1LuA=",
            "metadata_startup_script": null,
            "min_cpu_platform": "",
            "name": "k8s-master",
            "network_interface": [
              {
                "access_config": [
                  {
                    "nat_ip": "34.129.108.113",
                    "network_tier": "PREMIUM",
                    "public_ptr_domain_name": ""
                  }
                ],
                "alias_ip_range": [],
                "internal_ipv6_prefix_length": 0,
                "ipv6_access_config": [],
                "ipv6_access_type": "",
                "ipv6_address": "",
                "name": "nic0",
                "network": "https://www.googleapis.com/compute/v1/projects/fit5225-cloudeco/global/networks/default",
                "network_ip": "10.192.0.4",
                "nic_type": "",
                "queue_count": 0,
                "stack_type": "IPV4_ONLY",
                "subnetwork": "https://www.googleapis.com/compute/v1/projects/fit5225-cloudeco/regions/australia-southeast2/subnetworks/default",
                "subnetwork_project": "fit5225-cloudeco"
              }
            ],
            "network_performance_config": [],
            "params": [],
            "project": "fit5225-cloudeco",
            "reservation_affinity": [],
            "resource_policies": [],
            "scheduling": [
              {
                "automatic_restart": true,
                "instance_termination_action": "",
                "local_ssd_recovery_timeout": [],
                "max_run_duration": [],
                "min_node_cpus": 0,
                "node_affinities": [],
                "on_host_maintenance": "MIGRATE",
                "on_instance_stop_action": [],
                "preemptible": false,
                "provisioning_model": "STANDARD"
              }
            ],
            "scratch_disk": [],
            "self_link": "https://www.googleapis.com/compute/v1/projects/fit5225-cloudeco/zones/australia-southeast2-a/instances/k8s-master",
            "service_account": [],
            "shielded_instance_config": [
              {
                "enable_integrity_monitoring": true,
                "enable_secure_boot": false,
                "enable_vtpm": true
              }
            ],
            "tags": [
              "cloudeco-k8s"
            ],
            "tags_fingerprint": "Eu5I9CY19Xw=",
            "terraform_labels": {},
            "timeouts": null,
            "zone": "australia-southeast2-a"
          },
          "sensitive_attributes": [
            [
              {
                "type": "get_attr",
                "value": "boot_disk"
              },
              {
                "type": "index",
                "value": {
                  "value": 0,
                  "type": "number"
                }
              },
              {
                "type": "get_attr",
                "value": "disk_encryption_key_raw"
              }
            ]
          ],
          "identity_schema_version": 0,
          "private": "eyJlMmJmYjczMC1lY2FhLTExZTYtOGY4OC0zNDM2M2JjN2M0YzAiOnsiY3JlYXRlIjoxMjAwMDAwMDAwMDAwLCJkZWxldGUiOjEyMDAwMDAwMDAwMDAsInVwZGF0ZSI6MTIwMDAwMDAwMDAwMH0sInNjaGVtYV92ZXJzaW9uIjoiNiJ9",
          "dependencies": [
            "data.google_compute_image.ubuntu_2204",
            "data.google_compute_network.default",
            "data.google_project.current",
            "google_compute_address.master_ip"
          ]
        }
      ]
    },
    {
      "mode": "managed",
      "type": "google_compute_instance",
      "name": "k8s_worker1",
      "provider": "provider[\"registry.terraform.io/hashicorp/google\"]",
      "instances": [
        {
          "schema_version": 6,
          "attributes": {
            "advanced_machine_features": [],
            "allow_stopping_for_update": null,
            "attached_disk": [],
            "boot_disk": [
              {
                "auto_delete": true,
                "device_name": "persistent-disk-0",
                "disk_encryption_key_raw": "",
                "disk_encryption_key_sha256": "",
                "initialize_params": [
                  {
                    "enable_confidential_compute": false,
                    "image": "https://www.googleapis.com/compute/v1/projects/ubuntu-os-cloud/global/images/ubuntu-2204-jammy-v20260427",
                    "labels": {},
                    "provisioned_iops": 0,
                    "provisioned_throughput": 0,
                    "resource_manager_tags": {},
                    "size": 50,
                    "storage_pool": "",
                    "type": "pd-balanced"
                  }
                ],
                "kms_key_self_link": "",
                "mode": "READ_WRITE",
                "source": "https://www.googleapis.com/compute/v1/projects/fit5225-cloudeco/zones/australia-southeast2-a/disks/k8s-worker1"
              }
            ],
            "can_ip_forward": false,
            "confidential_instance_config": [],
            "cpu_platform": "AMD Rome",
            "current_status": "RUNNING",
            "deletion_protection": false,
            "description": "",
            "desired_status": null,
            "effective_labels": {},
            "enable_display": false,
            "guest_accelerator": [],
            "hostname": "",
            "id": "projects/fit5225-cloudeco/zones/australia-southeast2-a/instances/k8s-worker1",
            "instance_id": "7934398512691589212",
            "label_fingerprint": "42WmSpB8rSM=",
            "labels": {},
            "machine_type": "e2-standard-4",
            "metadata": {
              "ssh-keys": "ubuntu:ssh-rsa AAAAB3NzaC1yc2EAAAADAQABAAACAQC7a28/J21T+F6xfmrLtFq4yBLsQ5dKgvPz2aKP4HQ03q6mVL+BIKa0jt+rwZO/ZHYuWKlL4eZNpZl4F4rpfiWiZ/iAIg6RU5Pfa8o9GeIQLypSHO7FqStYjNiW6f/z582ynhanM+YqbzUN+59PPM02wgaAFuxxj84RjwQ+WkOCzP4P+7t94+Nx/F6sMrgByUMvCvBgd8zGloKDpFZtyG6URFfw+CcDGNCkb77RpvDuNzcQAJdez6jKlMhPjJsyLFlbVSlhKSxJ3JS44yG3DsDpf9U53lqRFtsufZiyrwCMByxZqSVSdzoPOGzsHxeeYPj9hPXWyMnf7j1IT4WAo5ibDyH2x5wL6FLPxBwgxJqBnE1rwVCSXpi0DPI7k+GBkNz5TRaYIfOJ7SgnIiVd8UkcjlVjXFNauaaOn2Yea841aOtAdoISgsguFa2aYN0e+1NxSijKPbGk9CP0Z1QrCHC+FfGj4gMz/7Y4m34gsnHkkZJ5CxMPvTlmzVYrmGcc37rDYCbohG5xCvX3l4puPVuRIZJOF9tW8wdoY9jz/vrJTNYbsM6aiiU9IYSPEhhga5QrH0h9F2j/FJ2emz82VVMDl7AmNDsSj8Jmdbn1rYTfJDSsHlO+HNPt1TcVHEQJYTIH2sda+Utsz8Mu0AfvVuGjGAYAX1uB6EfWBnPITDJOaQ== heisenberg@Mac.modem"
            },
            "metadata_fingerprint": "dxTQA6K1LuA=",
            "metadata_startup_script": null,
            "min_cpu_platform": "",
            "name": "k8s-worker1",
            "network_interface": [
              {
                "access_config": [
                  {
                    "nat_ip": "34.129.183.218",
                    "network_tier": "PREMIUM",
                    "public_ptr_domain_name": ""
                  }
                ],
                "alias_ip_range": [],
                "internal_ipv6_prefix_length": 0,
                "ipv6_access_config": [],
                "ipv6_access_type": "",
                "ipv6_address": "",
                "name": "nic0",
                "network": "https://www.googleapis.com/compute/v1/projects/fit5225-cloudeco/global/networks/default",
                "network_ip": "10.192.0.2",
                "nic_type": "",
                "queue_count": 0,
                "stack_type": "IPV4_ONLY",
                "subnetwork": "https://www.googleapis.com/compute/v1/projects/fit5225-cloudeco/regions/australia-southeast2/subnetworks/default",
                "subnetwork_project": "fit5225-cloudeco"
              }
            ],
            "network_performance_config": [],
            "params": [],
            "project": "fit5225-cloudeco",
            "reservation_affinity": [],
            "resource_policies": [],
            "scheduling": [
              {
                "automatic_restart": true,
                "instance_termination_action": "",
                "local_ssd_recovery_timeout": [],
                "max_run_duration": [],
                "min_node_cpus": 0,
                "node_affinities": [],
                "on_host_maintenance": "MIGRATE",
                "on_instance_stop_action": [],
                "preemptible": false,
                "provisioning_model": "STANDARD"
              }
            ],
            "scratch_disk": [],
            "self_link": "https://www.googleapis.com/compute/v1/projects/fit5225-cloudeco/zones/australia-southeast2-a/instances/k8s-worker1",
            "service_account": [],
            "shielded_instance_config": [
              {
                "enable_integrity_monitoring": true,
                "enable_secure_boot": false,
                "enable_vtpm": true
              }
            ],
            "tags": [
              "cloudeco-k8s"
            ],
            "tags_fingerprint": "Eu5I9CY19Xw=",
            "terraform_labels": {},
            "timeouts": null,
            "zone": "australia-southeast2-a"
          },
          "sensitive_attributes": [
            [
              {
                "type": "get_attr",
                "value": "boot_disk"
              },
              {
                "type": "index",
                "value": {
                  "value": 0,
                  "type": "number"
                }
              },
              {
                "type": "get_attr",
                "value": "disk_encryption_key_raw"
              }
            ]
          ],
          "identity_schema_version": 0,
          "private": "eyJlMmJmYjczMC1lY2FhLTExZTYtOGY4OC0zNDM2M2JjN2M0YzAiOnsiY3JlYXRlIjoxMjAwMDAwMDAwMDAwLCJkZWxldGUiOjEyMDAwMDAwMDAwMDAsInVwZGF0ZSI6MTIwMDAwMDAwMDAwMH0sInNjaGVtYV92ZXJzaW9uIjoiNiJ9",
          "dependencies": [
            "data.google_compute_image.ubuntu_2204",
            "data.google_compute_network.default",
            "data.google_project.current",
            "google_compute_address.worker1_ip"
          ]
        }
      ]
    },
    {
      "mode": "managed",
      "type": "google_compute_instance",
      "name": "k8s_worker2",
      "provider": "provider[\"registry.terraform.io/hashicorp/google\"]",
      "instances": [
        {
          "schema_version": 6,
          "attributes": {
            "advanced_machine_features": [],
            "allow_stopping_for_update": null,
            "attached_disk": [],
            "boot_disk": [
              {
                "auto_delete": true,
                "device_name": "persistent-disk-0",
                "disk_encryption_key_raw": "",
                "disk_encryption_key_sha256": "",
                "initialize_params": [
                  {
                    "enable_confidential_compute": false,
                    "image": "https://www.googleapis.com/compute/v1/projects/ubuntu-os-cloud/global/images/ubuntu-2204-jammy-v20260427",
                    "labels": {},
                    "provisioned_iops": 0,
                    "provisioned_throughput": 0,
                    "resource_manager_tags": {},
                    "size": 50,
                    "storage_pool": "",
                    "type": "pd-balanced"
                  }
                ],
                "kms_key_self_link": "",
                "mode": "READ_WRITE",
                "source": "https://www.googleapis.com/compute/v1/projects/fit5225-cloudeco/zones/australia-southeast2-a/disks/k8s-worker2"
              }
            ],
            "can_ip_forward": false,
            "confidential_instance_config": [],
            "cpu_platform": "AMD Rome",
            "current_status": "RUNNING",
            "deletion_protection": false,
            "description": "",
            "desired_status": null,
            "effective_labels": {},
            "enable_display": false,
            "guest_accelerator": [],
            "hostname": "",
            "id": "projects/fit5225-cloudeco/zones/australia-southeast2-a/instances/k8s-worker2",
            "instance_id": "6326778462658801750",
            "label_fingerprint": "42WmSpB8rSM=",
            "labels": {},
            "machine_type": "e2-standard-4",
            "metadata": {
              "ssh-keys": "ubuntu:ssh-rsa AAAAB3NzaC1yc2EAAAADAQABAAACAQC7a28/J21T+F6xfmrLtFq4yBLsQ5dKgvPz2aKP4HQ03q6mVL+BIKa0jt+rwZO/ZHYuWKlL4eZNpZl4F4rpfiWiZ/iAIg6RU5Pfa8o9GeIQLypSHO7FqStYjNiW6f/z582ynhanM+YqbzUN+59PPM02wgaAFuxxj84RjwQ+WkOCzP4P+7t94+Nx/F6sMrgByUMvCvBgd8zGloKDpFZtyG6URFfw+CcDGNCkb77RpvDuNzcQAJdez6jKlMhPjJsyLFlbVSlhKSxJ3JS44yG3DsDpf9U53lqRFtsufZiyrwCMByxZqSVSdzoPOGzsHxeeYPj9hPXWyMnf7j1IT4WAo5ibDyH2x5wL6FLPxBwgxJqBnE1rwVCSXpi0DPI7k+GBkNz5TRaYIfOJ7SgnIiVd8UkcjlVjXFNauaaOn2Yea841aOtAdoISgsguFa2aYN0e+1NxSijKPbGk9CP0Z1QrCHC+FfGj4gMz/7Y4m34gsnHkkZJ5CxMPvTlmzVYrmGcc37rDYCbohG5xCvX3l4puPVuRIZJOF9tW8wdoY9jz/vrJTNYbsM6aiiU9IYSPEhhga5QrH0h9F2j/FJ2emz82VVMDl7AmNDsSj8Jmdbn1rYTfJDSsHlO+HNPt1TcVHEQJYTIH2sda+Utsz8Mu0AfvVuGjGAYAX1uB6EfWBnPITDJOaQ== heisenberg@Mac.modem"
            },
            "metadata_fingerprint": "dxTQA6K1LuA=",
            "metadata_startup_script": null,
            "min_cpu_platform": "",
            "name": "k8s-worker2",
            "network_interface": [
              {
                "access_config": [
                  {
                    "nat_ip": "34.129.166.57",
                    "network_tier": "PREMIUM",
                    "public_ptr_domain_name": ""
                  }
                ],
                "alias_ip_range": [],
                "internal_ipv6_prefix_length": 0,
                "ipv6_access_config": [],
                "ipv6_access_type": "",
                "ipv6_address": "",
                "name": "nic0",
                "network": "https://www.googleapis.com/compute/v1/projects/fit5225-cloudeco/global/networks/default",
                "network_ip": "10.192.0.3",
                "nic_type": "",
                "queue_count": 0,
                "stack_type": "IPV4_ONLY",
                "subnetwork": "https://www.googleapis.com/compute/v1/projects/fit5225-cloudeco/regions/australia-southeast2/subnetworks/default",
                "subnetwork_project": "fit5225-cloudeco"
              }
            ],
            "network_performance_config": [],
            "params": [],
            "project": "fit5225-cloudeco",
            "reservation_affinity": [],
            "resource_policies": [],
            "scheduling": [
              {
                "automatic_restart": true,
                "instance_termination_action": "",
                "local_ssd_recovery_timeout": [],
                "max_run_duration": [],
                "min_node_cpus": 0,
                "node_affinities": [],
                "on_host_maintenance": "MIGRATE",
                "on_instance_stop_action": [],
                "preemptible": false,
                "provisioning_model": "STANDARD"
              }
            ],
            "scratch_disk": [],
            "self_link": "https://www.googleapis.com/compute/v1/projects/fit5225-cloudeco/zones/australia-southeast2-a/instances/k8s-worker2",
            "service_account": [],
            "shielded_instance_config": [
              {
                "enable_integrity_monitoring": true,
                "enable_secure_boot": false,
                "enable_vtpm": true
              }
            ],
            "tags": [
              "cloudeco-k8s"
            ],
            "tags_fingerprint": "Eu5I9CY19Xw=",
            "terraform_labels": {},
            "timeouts": null,
            "zone": "australia-southeast2-a"
          },
          "sensitive_attributes": [
            [
              {
                "type": "get_attr",
                "value": "boot_disk"
              },
              {
                "type": "index",
                "value": {
                  "value": 0,
                  "type": "number"
                }
              },
              {
                "type": "get_attr",
                "value": "disk_encryption_key_raw"
              }
            ]
          ],
          "identity_schema_version": 0,
          "private": "eyJlMmJmYjczMC1lY2FhLTExZTYtOGY4OC0zNDM2M2JjN2M0YzAiOnsiY3JlYXRlIjoxMjAwMDAwMDAwMDAwLCJkZWxldGUiOjEyMDAwMDAwMDAwMDAsInVwZGF0ZSI6MTIwMDAwMDAwMDAwMH0sInNjaGVtYV92ZXJzaW9uIjoiNiJ9",
          "dependencies": [
            "data.google_compute_image.ubuntu_2204",
            "data.google_compute_network.default",
            "data.google_project.current",
            "google_compute_address.worker2_ip"
          ]
        }
      ]
    },
    {
      "mode": "managed",
      "type": "null_resource",
      "name": "k8s_master_bootstrap",
      "provider": "provider[\"registry.terraform.io/hashicorp/null\"]",
      "instances": [
        {
          "status": "tainted",
          "schema_version": 0,
          "attributes": {
            "id": "72645914397972341",
            "triggers": null
          },
          "sensitive_attributes": [],
          "identity_schema_version": 0,
          "dependencies": [
            "data.google_compute_image.ubuntu_2204",
            "data.google_compute_network.default",
            "data.google_project.current",
            "google_compute_address.master_ip",
            "google_compute_firewall.cloudeco_mel_allow_ssh",
            "google_compute_instance.k8s_master"
          ]
        }
      ]
    }
  ],
  "check_results": null
}
