{
  "version": 4,
  "terraform_version": "1.14.9",
  "serial": 21,
  "lineage": "c86b44c3-85d4-4b1c-5a28-4368630f8271",
  "outputs": {
    "master_external_ip": {
      "value": "104.198.35.87",
      "type": "string"
    },
    "ssh_master": {
      "value": "ssh -i ~/.ssh/fit5225_oci ubuntu@104.198.35.87",
      "type": "string"
    },
    "ssh_worker1": {
      "value": "ssh -i ~/.ssh/fit5225_oci ubuntu@136.115.247.208",
      "type": "string"
    },
    "ssh_worker2": {
      "value": "ssh -i ~/.ssh/fit5225_oci ubuntu@34.10.30.0",
      "type": "string"
    },
    "worker1_external_ip": {
      "value": "136.115.247.208",
      "type": "string"
    },
    "worker2_external_ip": {
      "value": "34.10.30.0",
      "type": "string"
    }
  },
  "resources": [
    {
      "mode": "managed",
      "type": "google_compute_address",
      "name": "master_ip",
      "provider": "provider[\"registry.terraform.io/hashicorp/google\"]",
      "instances": [
        {
          "schema_version": 0,
          "attributes": {
            "address": "104.198.35.87",
            "address_type": "EXTERNAL",
            "creation_timestamp": "2026-04-20T19:26:23.493-07:00",
            "description": "",
            "effective_labels": {},
            "id": "projects/fit5225-cloudeco/regions/us-central1/addresses/k8s-master-ip",
            "ip_version": "",
            "ipv6_endpoint_type": "",
            "label_fingerprint": "42WmSpB8rSM=",
            "labels": {},
            "name": "k8s-master-ip",
            "network": "",
            "network_tier": "PREMIUM",
            "prefix_length": 0,
            "project": "fit5225-cloudeco",
            "purpose": "",
            "region": "us-central1",
            "self_link": "https://www.googleapis.com/compute/v1/projects/fit5225-cloudeco/regions/us-central1/addresses/k8s-master-ip",
            "subnetwork": "",
            "terraform_labels": {},
            "timeouts": null,
            "users": []
          },
          "sensitive_attributes": [],
          "identity_schema_version": 0,
          "private": "eyJlMmJmYjczMC1lY2FhLTExZTYtOGY4OC0zNDM2M2JjN2M0YzAiOnsiY3JlYXRlIjoxMjAwMDAwMDAwMDAwLCJkZWxldGUiOjEyMDAwMDAwMDAwMDAsInVwZGF0ZSI6MTIwMDAwMDAwMDAwMH19"
        }
      ]
    },
    {
      "mode": "managed",
      "type": "google_compute_address",
      "name": "worker1_ip",
      "provider": "provider[\"registry.terraform.io/hashicorp/google\"]",
      "instances": [
        {
          "schema_version": 0,
          "attributes": {
            "address": "136.115.247.208",
            "address_type": "EXTERNAL",
            "creation_timestamp": "2026-04-20T19:26:23.329-07:00",
            "description": "",
            "effective_labels": {},
            "id": "projects/fit5225-cloudeco/regions/us-central1/addresses/k8s-worker1-ip",
            "ip_version": "",
            "ipv6_endpoint_type": "",
            "label_fingerprint": "42WmSpB8rSM=",
            "labels": {},
            "name": "k8s-worker1-ip",
            "network": "",
            "network_tier": "PREMIUM",
            "prefix_length": 0,
            "project": "fit5225-cloudeco",
            "purpose": "",
            "region": "us-central1",
            "self_link": "https://www.googleapis.com/compute/v1/projects/fit5225-cloudeco/regions/us-central1/addresses/k8s-worker1-ip",
            "subnetwork": "",
            "terraform_labels": {},
            "timeouts": null,
            "users": []
          },
          "sensitive_attributes": [],
          "identity_schema_version": 0,
          "private": "eyJlMmJmYjczMC1lY2FhLTExZTYtOGY4OC0zNDM2M2JjN2M0YzAiOnsiY3JlYXRlIjoxMjAwMDAwMDAwMDAwLCJkZWxldGUiOjEyMDAwMDAwMDAwMDAsInVwZGF0ZSI6MTIwMDAwMDAwMDAwMH19"
        }
      ]
    },
    {
      "mode": "managed",
      "type": "google_compute_address",
      "name": "worker2_ip",
      "provider": "provider[\"registry.terraform.io/hashicorp/google\"]",
      "instances": [
        {
          "schema_version": 0,
          "attributes": {
            "address": "34.10.30.0",
            "address_type": "EXTERNAL",
            "creation_timestamp": "2026-04-20T19:26:23.454-07:00",
            "description": "",
            "effective_labels": {},
            "id": "projects/fit5225-cloudeco/regions/us-central1/addresses/k8s-worker2-ip",
            "ip_version": "",
            "ipv6_endpoint_type": "",
            "label_fingerprint": "42WmSpB8rSM=",
            "labels": {},
            "name": "k8s-worker2-ip",
            "network": "",
            "network_tier": "PREMIUM",
            "prefix_length": 0,
            "project": "fit5225-cloudeco",
            "purpose": "",
            "region": "us-central1",
            "self_link": "https://www.googleapis.com/compute/v1/projects/fit5225-cloudeco/regions/us-central1/addresses/k8s-worker2-ip",
            "subnetwork": "",
            "terraform_labels": {},
            "timeouts": null,
            "users": []
          },
          "sensitive_attributes": [],
          "identity_schema_version": 0,
          "private": "eyJlMmJmYjczMC1lY2FhLTExZTYtOGY4OC0zNDM2M2JjN2M0YzAiOnsiY3JlYXRlIjoxMjAwMDAwMDAwMDAwLCJkZWxldGUiOjEyMDAwMDAwMDAwMDAsInVwZGF0ZSI6MTIwMDAwMDAwMDAwMH19"
        }
      ]
    },
    {
      "mode": "managed",
      "type": "google_compute_firewall",
      "name": "allow_app",
      "provider": "provider[\"registry.terraform.io/hashicorp/google\"]",
      "instances": [
        {
          "schema_version": 1,
          "attributes": {
            "allow": [
              {
                "ports": [
                  "80",
                  "8000",
                  "30000-32767"
                ],
                "protocol": "tcp"
              }
            ],
            "creation_timestamp": "2026-04-20T19:26:22.330-07:00",
            "deny": [],
            "description": "",
            "destination_ranges": [],
            "direction": "INGRESS",
            "disabled": false,
            "enable_logging": null,
            "id": "projects/fit5225-cloudeco/global/firewalls/allow-app",
            "log_config": [],
            "name": "allow-app",
            "network": "https://www.googleapis.com/compute/v1/projects/fit5225-cloudeco/global/networks/default",
            "priority": 1000,
            "project": "fit5225-cloudeco",
            "self_link": "https://www.googleapis.com/compute/v1/projects/fit5225-cloudeco/global/firewalls/allow-app",
            "source_ranges": [
              "0.0.0.0/0"
            ],
            "source_service_accounts": [],
            "source_tags": [],
            "target_service_accounts": [],
            "target_tags": [
              "k8s-node"
            ],
            "timeouts": null
          },
          "sensitive_attributes": [],
          "identity_schema_version": 0,
          "private": "eyJlMmJmYjczMC1lY2FhLTExZTYtOGY4OC0zNDM2M2JjN2M0YzAiOnsiY3JlYXRlIjoxMjAwMDAwMDAwMDAwLCJkZWxldGUiOjEyMDAwMDAwMDAwMDAsInVwZGF0ZSI6MTIwMDAwMDAwMDAwMH0sInNjaGVtYV92ZXJzaW9uIjoiMSJ9"
        }
      ]
    },
    {
      "mode": "managed",
      "type": "google_compute_firewall",
      "name": "allow_internal",
      "provider": "provider[\"registry.terraform.io/hashicorp/google\"]",
      "instances": [
        {
          "schema_version": 1,
          "attributes": {
            "allow": [
              {
                "ports": [],
                "protocol": "all"
              }
            ],
            "creation_timestamp": "2026-04-20T19:26:22.324-07:00",
            "deny": [],
            "description": "",
            "destination_ranges": [],
            "direction": "INGRESS",
            "disabled": false,
            "enable_logging": null,
            "id": "projects/fit5225-cloudeco/global/firewalls/allow-internal",
            "log_config": [],
            "name": "allow-internal",
            "network": "https://www.googleapis.com/compute/v1/projects/fit5225-cloudeco/global/networks/default",
            "priority": 1000,
            "project": "fit5225-cloudeco",
            "self_link": "https://www.googleapis.com/compute/v1/projects/fit5225-cloudeco/global/firewalls/allow-internal",
            "source_ranges": [
              "10.128.0.0/9"
            ],
            "source_service_accounts": [],
            "source_tags": [],
            "target_service_accounts": [],
            "target_tags": [
              "k8s-node"
            ],
            "timeouts": null
          },
          "sensitive_attributes": [],
          "identity_schema_version": 0,
          "private": "eyJlMmJmYjczMC1lY2FhLTExZTYtOGY4OC0zNDM2M2JjN2M0YzAiOnsiY3JlYXRlIjoxMjAwMDAwMDAwMDAwLCJkZWxldGUiOjEyMDAwMDAwMDAwMDAsInVwZGF0ZSI6MTIwMDAwMDAwMDAwMH0sInNjaGVtYV92ZXJzaW9uIjoiMSJ9"
        }
      ]
    },
    {
      "mode": "managed",
      "type": "google_compute_firewall",
      "name": "allow_k8s_api",
      "provider": "provider[\"registry.terraform.io/hashicorp/google\"]",
      "instances": [
        {
          "schema_version": 1,
          "attributes": {
            "allow": [
              {
                "ports": [
                  "6443"
                ],
                "protocol": "tcp"
              }
            ],
            "creation_timestamp": "2026-04-20T19:26:22.291-07:00",
            "deny": [],
            "description": "",
            "destination_ranges": [],
            "direction": "INGRESS",
            "disabled": false,
            "enable_logging": null,
            "id": "projects/fit5225-cloudeco/global/firewalls/allow-k8s-api",
            "log_config": [],
            "name": "allow-k8s-api",
            "network": "https://www.googleapis.com/compute/v1/projects/fit5225-cloudeco/global/networks/default",
            "priority": 1000,
            "project": "fit5225-cloudeco",
            "self_link": "https://www.googleapis.com/compute/v1/projects/fit5225-cloudeco/global/firewalls/allow-k8s-api",
            "source_ranges": [
              "0.0.0.0/0"
            ],
            "source_service_accounts": [],
            "source_tags": [],
            "target_service_accounts": [],
            "target_tags": [
              "k8s-node"
            ],
            "timeouts": null
          },
          "sensitive_attributes": [],
          "identity_schema_version": 0,
          "private": "eyJlMmJmYjczMC1lY2FhLTExZTYtOGY4OC0zNDM2M2JjN2M0YzAiOnsiY3JlYXRlIjoxMjAwMDAwMDAwMDAwLCJkZWxldGUiOjEyMDAwMDAwMDAwMDAsInVwZGF0ZSI6MTIwMDAwMDAwMDAwMH0sInNjaGVtYV92ZXJzaW9uIjoiMSJ9"
        }
      ]
    },
    {
      "mode": "managed",
      "type": "google_compute_firewall",
      "name": "allow_ssh",
      "provider": "provider[\"registry.terraform.io/hashicorp/google\"]",
      "instances": [
        {
          "schema_version": 1,
          "attributes": {
            "allow": [
              {
                "ports": [
                  "22"
                ],
                "protocol": "tcp"
              }
            ],
            "creation_timestamp": "2026-04-20T19:26:22.303-07:00",
            "deny": [],
            "description": "",
            "destination_ranges": [],
            "direction": "INGRESS",
            "disabled": false,
            "enable_logging": null,
            "id": "projects/fit5225-cloudeco/global/firewalls/allow-ssh",
            "log_config": [],
            "name": "allow-ssh",
            "network": "https://www.googleapis.com/compute/v1/projects/fit5225-cloudeco/global/networks/default",
            "priority": 1000,
            "project": "fit5225-cloudeco",
            "self_link": "https://www.googleapis.com/compute/v1/projects/fit5225-cloudeco/global/firewalls/allow-ssh",
            "source_ranges": [
              "0.0.0.0/0"
            ],
            "source_service_accounts": [],
            "source_tags": [],
            "target_service_accounts": [],
            "target_tags": [
              "k8s-node"
            ],
            "timeouts": null
          },
          "sensitive_attributes": [],
          "identity_schema_version": 0,
          "private": "eyJlMmJmYjczMC1lY2FhLTExZTYtOGY4OC0zNDM2M2JjN2M0YzAiOnsiY3JlYXRlIjoxMjAwMDAwMDAwMDAwLCJkZWxldGUiOjEyMDAwMDAwMDAwMDAsInVwZGF0ZSI6MTIwMDAwMDAwMDAwMH0sInNjaGVtYV92ZXJzaW9uIjoiMSJ9"
        }
      ]
    },
    {
      "mode": "managed",
      "type": "google_compute_instance",
      "name": "k8s_master",
      "provider": "provider[\"registry.terraform.io/hashicorp/google\"]",
      "instances": [
        {
          "schema_version": 6,
          "attributes": {
            "advanced_machine_features": [],
            "allow_stopping_for_update": null,
            "attached_disk": [],
            "boot_disk": [
              {
                "auto_delete": true,
                "device_name": "persistent-disk-0",
                "disk_encryption_key_raw": "",
                "disk_encryption_key_sha256": "",
                "initialize_params": [
                  {
                    "enable_confidential_compute": false,
                    "image": "https://www.googleapis.com/compute/v1/projects/ubuntu-os-cloud/global/images/ubuntu-2204-jammy-v20260414",
                    "labels": {},
                    "provisioned_iops": 0,
                    "provisioned_throughput": 0,
                    "resource_manager_tags": null,
                    "size": 25,
                    "storage_pool": "",
                    "type": "pd-balanced"
                  }
                ],
                "kms_key_self_link": "",
                "mode": "READ_WRITE",
                "source": "https://www.googleapis.com/compute/v1/projects/fit5225-cloudeco/zones/us-central1-f/disks/k8s-master"
              }
            ],
            "can_ip_forward": false,
            "confidential_instance_config": [],
            "cpu_platform": "AMD Rome",
            "current_status": "RUNNING",
            "deletion_protection": false,
            "description": "",
            "desired_status": null,
            "effective_labels": {},
            "enable_display": false,
            "guest_accelerator": [],
            "hostname": "",
            "id": "projects/fit5225-cloudeco/zones/us-central1-f/instances/k8s-master",
            "instance_id": "1653793713203929027",
            "label_fingerprint": "42WmSpB8rSM=",
            "labels": null,
            "machine_type": "e2-standard-4",
            "metadata": {
              "ssh-keys": "ubuntu:ssh-rsa AAAAB3NzaC1yc2EAAAADAQABAAACAQC7a28/J21T+F6xfmrLtFq4yBLsQ5dKgvPz2aKP4HQ03q6mVL+BIKa0jt+rwZO/ZHYuWKlL4eZNpZl4F4rpfiWiZ/iAIg6RU5Pfa8o9GeIQLypSHO7FqStYjNiW6f/z582ynhanM+YqbzUN+59PPM02wgaAFuxxj84RjwQ+WkOCzP4P+7t94+Nx/F6sMrgByUMvCvBgd8zGloKDpFZtyG6URFfw+CcDGNCkb77RpvDuNzcQAJdez6jKlMhPjJsyLFlbVSlhKSxJ3JS44yG3DsDpf9U53lqRFtsufZiyrwCMByxZqSVSdzoPOGzsHxeeYPj9hPXWyMnf7j1IT4WAo5ibDyH2x5wL6FLPxBwgxJqBnE1rwVCSXpi0DPI7k+GBkNz5TRaYIfOJ7SgnIiVd8UkcjlVjXFNauaaOn2Yea841aOtAdoISgsguFa2aYN0e+1NxSijKPbGk9CP0Z1QrCHC+FfGj4gMz/7Y4m34gsnHkkZJ5CxMPvTlmzVYrmGcc37rDYCbohG5xCvX3l4puPVuRIZJOF9tW8wdoY9jz/vrJTNYbsM6aiiU9IYSPEhhga5QrH0h9F2j/FJ2emz82VVMDl7AmNDsSj8Jmdbn1rYTfJDSsHlO+HNPt1TcVHEQJYTIH2sda+Utsz8Mu0AfvVuGjGAYAX1uB6EfWBnPITDJOaQ== heisenberg@Mac.modem"
            },
            "metadata_fingerprint": "dxTQA6K1LuA=",
            "metadata_startup_script": null,
            "min_cpu_platform": "",
            "name": "k8s-master",
            "network_interface": [
              {
                "access_config": [
                  {
                    "nat_ip": "104.198.35.87",
                    "network_tier": "PREMIUM",
                    "public_ptr_domain_name": ""
                  }
                ],
                "alias_ip_range": [],
                "internal_ipv6_prefix_length": 0,
                "ipv6_access_config": [],
                "ipv6_access_type": "",
                "ipv6_address": "",
                "name": "nic0",
                "network": "https://www.googleapis.com/compute/v1/projects/fit5225-cloudeco/global/networks/default",
                "network_ip": "10.128.0.7",
                "nic_type": "",
                "queue_count": 0,
                "stack_type": "IPV4_ONLY",
                "subnetwork": "https://www.googleapis.com/compute/v1/projects/fit5225-cloudeco/regions/us-central1/subnetworks/default",
                "subnetwork_project": "fit5225-cloudeco"
              }
            ],
            "network_performance_config": [],
            "params": [],
            "project": "fit5225-cloudeco",
            "reservation_affinity": [],
            "resource_policies": null,
            "scheduling": [
              {
                "automatic_restart": true,
                "instance_termination_action": "",
                "local_ssd_recovery_timeout": [],
                "max_run_duration": [],
                "min_node_cpus": 0,
                "node_affinities": [],
                "on_host_maintenance": "MIGRATE",
                "on_instance_stop_action": [],
                "preemptible": false,
                "provisioning_model": "STANDARD"
              }
            ],
            "scratch_disk": [],
            "self_link": "https://www.googleapis.com/compute/v1/projects/fit5225-cloudeco/zones/us-central1-f/instances/k8s-master",
            "service_account": [],
            "shielded_instance_config": [
              {
                "enable_integrity_monitoring": true,
                "enable_secure_boot": false,
                "enable_vtpm": true
              }
            ],
            "tags": [
              "k8s-node"
            ],
            "tags_fingerprint": "PMlaEWobTyo=",
            "terraform_labels": {},
            "timeouts": null,
            "zone": "us-central1-f"
          },
          "sensitive_attributes": [
            [
              {
                "type": "get_attr",
                "value": "boot_disk"
              },
              {
                "type": "index",
                "value": {
                  "value": 0,
                  "type": "number"
                }
              },
              {
                "type": "get_attr",
                "value": "disk_encryption_key_raw"
              }
            ]
          ],
          "identity_schema_version": 0,
          "private": "eyJlMmJmYjczMC1lY2FhLTExZTYtOGY4OC0zNDM2M2JjN2M0YzAiOnsiY3JlYXRlIjoxMjAwMDAwMDAwMDAwLCJkZWxldGUiOjEyMDAwMDAwMDAwMDAsInVwZGF0ZSI6MTIwMDAwMDAwMDAwMH0sInNjaGVtYV92ZXJzaW9uIjoiNiJ9",
          "dependencies": [
            "google_compute_address.master_ip"
          ]
        }
      ]
    },
    {
      "mode": "managed",
      "type": "google_compute_instance",
      "name": "k8s_worker1",
      "provider": "provider[\"registry.terraform.io/hashicorp/google\"]",
      "instances": [
        {
          "schema_version": 6,
          "attributes": {
            "advanced_machine_features": [],
            "allow_stopping_for_update": null,
            "attached_disk": [],
            "boot_disk": [
              {
                "auto_delete": true,
                "device_name": "persistent-disk-0",
                "disk_encryption_key_raw": "",
                "disk_encryption_key_sha256": "",
                "initialize_params": [
                  {
                    "enable_confidential_compute": false,
                    "image": "https://www.googleapis.com/compute/v1/projects/ubuntu-os-cloud/global/images/ubuntu-2204-jammy-v20260414",
                    "labels": {},
                    "provisioned_iops": 0,
                    "provisioned_throughput": 0,
                    "resource_manager_tags": null,
                    "size": 25,
                    "storage_pool": "",
                    "type": "pd-balanced"
                  }
                ],
                "kms_key_self_link": "",
                "mode": "READ_WRITE",
                "source": "https://www.googleapis.com/compute/v1/projects/fit5225-cloudeco/zones/us-central1-f/disks/k8s-worker1"
              }
            ],
            "can_ip_forward": false,
            "confidential_instance_config": [],
            "cpu_platform": "AMD Rome",
            "current_status": "RUNNING",
            "deletion_protection": false,
            "description": "",
            "desired_status": null,
            "effective_labels": {},
            "enable_display": false,
            "guest_accelerator": [],
            "hostname": "",
            "id": "projects/fit5225-cloudeco/zones/us-central1-f/instances/k8s-worker1",
            "instance_id": "1845184787422863300",
            "label_fingerprint": "42WmSpB8rSM=",
            "labels": null,
            "machine_type": "e2-standard-4",
            "metadata": {
              "ssh-keys": "ubuntu:ssh-rsa AAAAB3NzaC1yc2EAAAADAQABAAACAQC7a28/J21T+F6xfmrLtFq4yBLsQ5dKgvPz2aKP4HQ03q6mVL+BIKa0jt+rwZO/ZHYuWKlL4eZNpZl4F4rpfiWiZ/iAIg6RU5Pfa8o9GeIQLypSHO7FqStYjNiW6f/z582ynhanM+YqbzUN+59PPM02wgaAFuxxj84RjwQ+WkOCzP4P+7t94+Nx/F6sMrgByUMvCvBgd8zGloKDpFZtyG6URFfw+CcDGNCkb77RpvDuNzcQAJdez6jKlMhPjJsyLFlbVSlhKSxJ3JS44yG3DsDpf9U53lqRFtsufZiyrwCMByxZqSVSdzoPOGzsHxeeYPj9hPXWyMnf7j1IT4WAo5ibDyH2x5wL6FLPxBwgxJqBnE1rwVCSXpi0DPI7k+GBkNz5TRaYIfOJ7SgnIiVd8UkcjlVjXFNauaaOn2Yea841aOtAdoISgsguFa2aYN0e+1NxSijKPbGk9CP0Z1QrCHC+FfGj4gMz/7Y4m34gsnHkkZJ5CxMPvTlmzVYrmGcc37rDYCbohG5xCvX3l4puPVuRIZJOF9tW8wdoY9jz/vrJTNYbsM6aiiU9IYSPEhhga5QrH0h9F2j/FJ2emz82VVMDl7AmNDsSj8Jmdbn1rYTfJDSsHlO+HNPt1TcVHEQJYTIH2sda+Utsz8Mu0AfvVuGjGAYAX1uB6EfWBnPITDJOaQ== heisenberg@Mac.modem"
            },
            "metadata_fingerprint": "dxTQA6K1LuA=",
            "metadata_startup_script": null,
            "min_cpu_platform": "",
            "name": "k8s-worker1",
            "network_interface": [
              {
                "access_config": [
                  {
                    "nat_ip": "136.115.247.208",
                    "network_tier": "PREMIUM",
                    "public_ptr_domain_name": ""
                  }
                ],
                "alias_ip_range": [],
                "internal_ipv6_prefix_length": 0,
                "ipv6_access_config": [],
                "ipv6_access_type": "",
                "ipv6_address": "",
                "name": "nic0",
                "network": "https://www.googleapis.com/compute/v1/projects/fit5225-cloudeco/global/networks/default",
                "network_ip": "10.128.0.5",
                "nic_type": "",
                "queue_count": 0,
                "stack_type": "IPV4_ONLY",
                "subnetwork": "https://www.googleapis.com/compute/v1/projects/fit5225-cloudeco/regions/us-central1/subnetworks/default",
                "subnetwork_project": "fit5225-cloudeco"
              }
            ],
            "network_performance_config": [],
            "params": [],
            "project": "fit5225-cloudeco",
            "reservation_affinity": [],
            "resource_policies": null,
            "scheduling": [
              {
                "automatic_restart": true,
                "instance_termination_action": "",
                "local_ssd_recovery_timeout": [],
                "max_run_duration": [],
                "min_node_cpus": 0,
                "node_affinities": [],
                "on_host_maintenance": "MIGRATE",
                "on_instance_stop_action": [],
                "preemptible": false,
                "provisioning_model": "STANDARD"
              }
            ],
            "scratch_disk": [],
            "self_link": "https://www.googleapis.com/compute/v1/projects/fit5225-cloudeco/zones/us-central1-f/instances/k8s-worker1",
            "service_account": [],
            "shielded_instance_config": [
              {
                "enable_integrity_monitoring": true,
                "enable_secure_boot": false,
                "enable_vtpm": true
              }
            ],
            "tags": [
              "k8s-node"
            ],
            "tags_fingerprint": "PMlaEWobTyo=",
            "terraform_labels": {},
            "timeouts": null,
            "zone": "us-central1-f"
          },
          "sensitive_attributes": [
            [
              {
                "type": "get_attr",
                "value": "boot_disk"
              },
              {
                "type": "index",
                "value": {
                  "value": 0,
                  "type": "number"
                }
              },
              {
                "type": "get_attr",
                "value": "disk_encryption_key_raw"
              }
            ]
          ],
          "identity_schema_version": 0,
          "private": "eyJlMmJmYjczMC1lY2FhLTExZTYtOGY4OC0zNDM2M2JjN2M0YzAiOnsiY3JlYXRlIjoxMjAwMDAwMDAwMDAwLCJkZWxldGUiOjEyMDAwMDAwMDAwMDAsInVwZGF0ZSI6MTIwMDAwMDAwMDAwMH0sInNjaGVtYV92ZXJzaW9uIjoiNiJ9",
          "dependencies": [
            "google_compute_address.worker1_ip"
          ]
        }
      ]
    },
    {
      "mode": "managed",
      "type": "google_compute_instance",
      "name": "k8s_worker2",
      "provider": "provider[\"registry.terraform.io/hashicorp/google\"]",
      "instances": [
        {
          "schema_version": 6,
          "attributes": {
            "advanced_machine_features": [],
            "allow_stopping_for_update": null,
            "attached_disk": [],
            "boot_disk": [
              {
                "auto_delete": true,
                "device_name": "persistent-disk-0",
                "disk_encryption_key_raw": "",
                "disk_encryption_key_sha256": "",
                "initialize_params": [
                  {
                    "enable_confidential_compute": false,
                    "image": "https://www.googleapis.com/compute/v1/projects/ubuntu-os-cloud/global/images/ubuntu-2204-jammy-v20260414",
                    "labels": {},
                    "provisioned_iops": 0,
                    "provisioned_throughput": 0,
                    "resource_manager_tags": null,
                    "size": 25,
                    "storage_pool": "",
                    "type": "pd-balanced"
                  }
                ],
                "kms_key_self_link": "",
                "mode": "READ_WRITE",
                "source": "https://www.googleapis.com/compute/v1/projects/fit5225-cloudeco/zones/us-central1-f/disks/k8s-worker2"
              }
            ],
            "can_ip_forward": false,
            "confidential_instance_config": [],
            "cpu_platform": "AMD Rome",
            "current_status": "RUNNING",
            "deletion_protection": false,
            "description": "",
            "desired_status": null,
            "effective_labels": {},
            "enable_display": false,
            "guest_accelerator": [],
            "hostname": "",
            "id": "projects/fit5225-cloudeco/zones/us-central1-f/instances/k8s-worker2",
            "instance_id": "7825724089071001539",
            "label_fingerprint": "42WmSpB8rSM=",
            "labels": null,
            "machine_type": "e2-standard-4",
            "metadata": {
              "ssh-keys": "ubuntu:ssh-rsa AAAAB3NzaC1yc2EAAAADAQABAAACAQC7a28/J21T+F6xfmrLtFq4yBLsQ5dKgvPz2aKP4HQ03q6mVL+BIKa0jt+rwZO/ZHYuWKlL4eZNpZl4F4rpfiWiZ/iAIg6RU5Pfa8o9GeIQLypSHO7FqStYjNiW6f/z582ynhanM+YqbzUN+59PPM02wgaAFuxxj84RjwQ+WkOCzP4P+7t94+Nx/F6sMrgByUMvCvBgd8zGloKDpFZtyG6URFfw+CcDGNCkb77RpvDuNzcQAJdez6jKlMhPjJsyLFlbVSlhKSxJ3JS44yG3DsDpf9U53lqRFtsufZiyrwCMByxZqSVSdzoPOGzsHxeeYPj9hPXWyMnf7j1IT4WAo5ibDyH2x5wL6FLPxBwgxJqBnE1rwVCSXpi0DPI7k+GBkNz5TRaYIfOJ7SgnIiVd8UkcjlVjXFNauaaOn2Yea841aOtAdoISgsguFa2aYN0e+1NxSijKPbGk9CP0Z1QrCHC+FfGj4gMz/7Y4m34gsnHkkZJ5CxMPvTlmzVYrmGcc37rDYCbohG5xCvX3l4puPVuRIZJOF9tW8wdoY9jz/vrJTNYbsM6aiiU9IYSPEhhga5QrH0h9F2j/FJ2emz82VVMDl7AmNDsSj8Jmdbn1rYTfJDSsHlO+HNPt1TcVHEQJYTIH2sda+Utsz8Mu0AfvVuGjGAYAX1uB6EfWBnPITDJOaQ== heisenberg@Mac.modem"
            },
            "metadata_fingerprint": "dxTQA6K1LuA=",
            "metadata_startup_script": null,
            "min_cpu_platform": "",
            "name": "k8s-worker2",
            "network_interface": [
              {
                "access_config": [
                  {
                    "nat_ip": "34.10.30.0",
                    "network_tier": "PREMIUM",
                    "public_ptr_domain_name": ""
                  }
                ],
                "alias_ip_range": [],
                "internal_ipv6_prefix_length": 0,
                "ipv6_access_config": [],
                "ipv6_access_type": "",
                "ipv6_address": "",
                "name": "nic0",
                "network": "https://www.googleapis.com/compute/v1/projects/fit5225-cloudeco/global/networks/default",
                "network_ip": "10.128.0.6",
                "nic_type": "",
                "queue_count": 0,
                "stack_type": "IPV4_ONLY",
                "subnetwork": "https://www.googleapis.com/compute/v1/projects/fit5225-cloudeco/regions/us-central1/subnetworks/default",
                "subnetwork_project": "fit5225-cloudeco"
              }
            ],
            "network_performance_config": [],
            "params": [],
            "project": "fit5225-cloudeco",
            "reservation_affinity": [],
            "resource_policies": null,
            "scheduling": [
              {
                "automatic_restart": true,
                "instance_termination_action": "",
                "local_ssd_recovery_timeout": [],
                "max_run_duration": [],
                "min_node_cpus": 0,
                "node_affinities": [],
                "on_host_maintenance": "MIGRATE",
                "on_instance_stop_action": [],
                "preemptible": false,
                "provisioning_model": "STANDARD"
              }
            ],
            "scratch_disk": [],
            "self_link": "https://www.googleapis.com/compute/v1/projects/fit5225-cloudeco/zones/us-central1-f/instances/k8s-worker2",
            "service_account": [],
            "shielded_instance_config": [
              {
                "enable_integrity_monitoring": true,
                "enable_secure_boot": false,
                "enable_vtpm": true
              }
            ],
            "tags": [
              "k8s-node"
            ],
            "tags_fingerprint": "PMlaEWobTyo=",
            "terraform_labels": {},
            "timeouts": null,
            "zone": "us-central1-f"
          },
          "sensitive_attributes": [
            [
              {
                "type": "get_attr",
                "value": "boot_disk"
              },
              {
                "type": "index",
                "value": {
                  "value": 0,
                  "type": "number"
                }
              },
              {
                "type": "get_attr",
                "value": "disk_encryption_key_raw"
              }
            ]
          ],
          "identity_schema_version": 0,
          "private": "eyJlMmJmYjczMC1lY2FhLTExZTYtOGY4OC0zNDM2M2JjN2M0YzAiOnsiY3JlYXRlIjoxMjAwMDAwMDAwMDAwLCJkZWxldGUiOjEyMDAwMDAwMDAwMDAsInVwZGF0ZSI6MTIwMDAwMDAwMDAwMH0sInNjaGVtYV92ZXJzaW9uIjoiNiJ9",
          "dependencies": [
            "google_compute_address.worker2_ip"
          ]
        }
      ]
    }
  ],
  "check_results": null
}
